
Microsoft Visual Studio Solution File, Format Version 12.00
# Visual Studio Version 16
VisualStudioVersion = 16.0.31205.134
MinimumVisualStudioVersion = 10.0.40219.1
Project("{FAE04EC0-301F-11D3-BF4B-00C04F79EFBC}") = "ASP.NetFrameworkFA1", "ASP.NetFrameworkFA1.csproj", "{22C487CE-9BD5-4EE9-ABB0-8FAD2EF8BA84}"
EndProject
Global
	GlobalSection(SolutionConfigurationPlatforms) = preSolution
		Debug|Any CPU = Debug|Any CPU
		Release|Any CPU = Release|Any CPU
	EndGlobalSection
	GlobalSection(ProjectConfigurationPlatforms) = postSolution
		{22C487CE-9BD5-4EE9-ABB0-8FAD2EF8BA84}.Debug|Any CPU.ActiveCfg = Debug|Any CPU
		{22C487CE-9BD5-4EE9-ABB0-8FAD2EF8BA84}.Debug|Any CPU.Build.0 = Debug|Any CPU
		{22C487CE-9BD5-4EE9-ABB0-8FAD2EF8BA84}.Release|Any CPU.ActiveCfg = Release|Any CPU
		{22C487CE-9BD5-4EE9-ABB0-8FAD2EF8BA84}.Release|Any CPU.Build.0 = Release|Any CPU
	EndGlobalSection
	GlobalSection(SolutionProperties) = preSolution
		HideSolutionNode = FALSE
	EndGlobalSection
	GlobalSection(ExtensibilityGlobals) = postSolution
		SolutionGuid = {7F0A4712-2892-4E3F-BCCF-4CD03499319B}
	EndGlobalSection
EndGlobal
